
Microsoft Visual Studio Solution File, Format Version 12.00
# Visual Studio Version 16
VisualStudioVersion = 16.0.30621.155
MinimumVisualStudioVersion = 10.0.40219.1
Project("{FAE04EC0-301F-11D3-BF4B-00C04F79EFBC}") = "FoodApp.Android", "FoodApp\FoodApp.Android\FoodApp.Android.csproj", "{76469845-2F04-449C-B528-A562EAEE073E}"
EndProject
Project("{FAE04EC0-301F-11D3-BF4B-00C04F79EFBC}") = "FoodApp.iOS", "FoodApp\FoodApp.iOS\FoodApp.iOS.csproj", "{AF1C4FB2-8DAF-4AAB-860E-CB45FB4593D9}"
EndProject
Project("{9A19103F-16F7-4668-BE54-9A1E7A4F7556}") = "FoodApp", "FoodApp\FoodApp\FoodApp.csproj", "{69304259-466C-4428-8FC3-2F3F8DF4F039}"
EndProject
Project("{FAE04EC0-301F-11D3-BF4B-00C04F79EFBC}") = "EdamanService", "EdamanService\EdamanService.csproj", "{04EB46D7-4005-4991-9770-FA1F9502629B}"
EndProject
Global
	GlobalSection(SolutionConfigurationPlatforms) = preSolution
		Debug|Any CPU = Debug|Any CPU
		Debug|iPhone = Debug|iPhone
		Debug|iPhoneSimulator = Debug|iPhoneSimulator
		Release|Any CPU = Release|Any CPU
		Release|iPhone = Release|iPhone
		Release|iPhoneSimulator = Release|iPhoneSimulator
	EndGlobalSection
	GlobalSection(ProjectConfigurationPlatforms) = postSolution
		{76469845-2F04-449C-B528-A562EAEE073E}.Debug|Any CPU.ActiveCfg = Debug|Any CPU
		{76469845-2F04-449C-B528-A562EAEE073E}.Debug|Any CPU.Build.0 = Debug|Any CPU
		{76469845-2F04-449C-B528-A562EAEE073E}.Debug|Any CPU.Deploy.0 = Debug|Any CPU
		{76469845-2F04-449C-B528-A562EAEE073E}.Debug|iPhone.ActiveCfg = Debug|Any CPU
		{76469845-2F04-449C-B528-A562EAEE073E}.Debug|iPhone.Build.0 = Debug|Any CPU
		{76469845-2F04-449C-B528-A562EAEE073E}.Debug|iPhone.Deploy.0 = Debug|Any CPU
		{76469845-2F04-449C-B528-A562EAEE073E}.Debug|iPhoneSimulator.ActiveCfg = Debug|Any CPU
		{76469845-2F04-449C-B528-A562EAEE073E}.Debug|iPhoneSimulator.Build.0 = Debug|Any CPU
		{76469845-2F04-449C-B528-A562EAEE073E}.Debug|iPhoneSimulator.Deploy.0 = Debug|Any CPU
		{76469845-2F04-449C-B528-A562EAEE073E}.Release|Any CPU.ActiveCfg = Release|Any CPU
		{76469845-2F04-449C-B528-A562EAEE073E}.Release|Any CPU.Build.0 = Release|Any CPU
		{76469845-2F04-449C-B528-A562EAEE073E}.Release|Any CPU.Deploy.0 = Release|Any CPU
		{76469845-2F04-449C-B528-A562EAEE073E}.Release|iPhone.ActiveCfg = Release|Any CPU
		{76469845-2F04-449C-B528-A562EAEE073E}.Release|iPhone.Build.0 = Release|Any CPU
		{76469845-2F04-449C-B528-A562EAEE073E}.Release|iPhone.Deploy.0 = Release|Any CPU
		{76469845-2F04-449C-B528-A562EAEE073E}.Release|iPhoneSimulator.ActiveCfg = Release|Any CPU
		{76469845-2F04-449C-B528-A562EAEE073E}.Release|iPhoneSimulator.Build.0 = Release|Any CPU
		{76469845-2F04-449C-B528-A562EAEE073E}.Release|iPhoneSimulator.Deploy.0 = Release|Any CPU
		{AF1C4FB2-8DAF-4AAB-860E-CB45FB4593D9}.Debug|Any CPU.ActiveCfg = Debug|iPhone
		{AF1C4FB2-8DAF-4AAB-860E-CB45FB4593D9}.Debug|Any CPU.Build.0 = Debug|iPhone
		{AF1C4FB2-8DAF-4AAB-860E-CB45FB4593D9}.Debug|Any CPU.Deploy.0 = Debug|iPhone
		{AF1C4FB2-8DAF-4AAB-860E-CB45FB4593D9}.Debug|iPhone.ActiveCfg = Debug|iPhone
		{AF1C4FB2-8DAF-4AAB-860E-CB45FB4593D9}.Debug|iPhone.Build.0 = Debug|iPhone
		{AF1C4FB2-8DAF-4AAB-860E-CB45FB4593D9}.Debug|iPhone.Deploy.0 = Debug|iPhone
		{AF1C4FB2-8DAF-4AAB-860E-CB45FB4593D9}.Debug|iPhoneSimulator.ActiveCfg = Debug|iPhoneSimulator
		{AF1C4FB2-8DAF-4AAB-860E-CB45FB4593D9}.Debug|iPhoneSimulator.Build.0 = Debug|iPhoneSimulator
		{AF1C4FB2-8DAF-4AAB-860E-CB45FB4593D9}.Debug|iPhoneSimulator.Deploy.0 = Debug|iPhoneSimulator
		{AF1C4FB2-8DAF-4AAB-860E-CB45FB4593D9}.Release|Any CPU.ActiveCfg = Release|iPhoneSimulator
		{AF1C4FB2-8DAF-4AAB-860E-CB45FB4593D9}.Release|Any CPU.Build.0 = Release|iPhoneSimulator
		{AF1C4FB2-8DAF-4AAB-860E-CB45FB4593D9}.Release|Any CPU.Deploy.0 = Release|iPhoneSimulator
		{AF1C4FB2-8DAF-4AAB-860E-CB45FB4593D9}.Release|iPhone.ActiveCfg = Release|iPhone
		{AF1C4FB2-8DAF-4AAB-860E-CB45FB4593D9}.Release|iPhone.Build.0 = Release|iPhone
		{AF1C4FB2-8DAF-4AAB-860E-CB45FB4593D9}.Release|iPhone.Deploy.0 = Release|iPhone
		{AF1C4FB2-8DAF-4AAB-860E-CB45FB4593D9}.Release|iPhoneSimulator.ActiveCfg = Release|iPhoneSimulator
		{AF1C4FB2-8DAF-4AAB-860E-CB45FB4593D9}.Release|iPhoneSimulator.Build.0 = Release|iPhoneSimulator
		{AF1C4FB2-8DAF-4AAB-860E-CB45FB4593D9}.Release|iPhoneSimulator.Deploy.0 = Release|iPhoneSimulator
		{69304259-466C-4428-8FC3-2F3F8DF4F039}.Debug|Any CPU.ActiveCfg = Debug|Any CPU
		{69304259-466C-4428-8FC3-2F3F8DF4F039}.Debug|Any CPU.Build.0 = Debug|Any CPU
		{69304259-466C-4428-8FC3-2F3F8DF4F039}.Debug|Any CPU.Deploy.0 = Debug|Any CPU
		{69304259-466C-4428-8FC3-2F3F8DF4F039}.Debug|iPhone.ActiveCfg = Debug|Any CPU
		{69304259-466C-4428-8FC3-2F3F8DF4F039}.Debug|iPhone.Build.0 = Debug|Any CPU
		{69304259-466C-4428-8FC3-2F3F8DF4F039}.Debug|iPhone.Deploy.0 = Debug|Any CPU
		{69304259-466C-4428-8FC3-2F3F8DF4F039}.Debug|iPhoneSimulator.ActiveCfg = Debug|Any CPU
		{69304259-466C-4428-8FC3-2F3F8DF4F039}.Debug|iPhoneSimulator.Build.0 = Debug|Any CPU
		{69304259-466C-4428-8FC3-2F3F8DF4F039}.Debug|iPhoneSimulator.Deploy.0 = Debug|Any CPU
		{69304259-466C-4428-8FC3-2F3F8DF4F039}.Release|Any CPU.ActiveCfg = Release|Any CPU
		{69304259-466C-4428-8FC3-2F3F8DF4F039}.Release|Any CPU.Build.0 = Release|Any CPU
		{69304259-466C-4428-8FC3-2F3F8DF4F039}.Release|Any CPU.Deploy.0 = Release|Any CPU
		{69304259-466C-4428-8FC3-2F3F8DF4F039}.Release|iPhone.ActiveCfg = Release|Any CPU
		{69304259-466C-4428-8FC3-2F3F8DF4F039}.Release|iPhone.Build.0 = Release|Any CPU
		{69304259-466C-4428-8FC3-2F3F8DF4F039}.Release|iPhone.Deploy.0 = Release|Any CPU
		{69304259-466C-4428-8FC3-2F3F8DF4F039}.Release|iPhoneSimulator.ActiveCfg = Release|Any CPU
		{69304259-466C-4428-8FC3-2F3F8DF4F039}.Release|iPhoneSimulator.Build.0 = Release|Any CPU
		{69304259-466C-4428-8FC3-2F3F8DF4F039}.Release|iPhoneSimulator.Deploy.0 = Release|Any CPU
		{04EB46D7-4005-4991-9770-FA1F9502629B}.Debug|Any CPU.ActiveCfg = Debug|Any CPU
		{04EB46D7-4005-4991-9770-FA1F9502629B}.Debug|Any CPU.Build.0 = Debug|Any CPU
		{04EB46D7-4005-4991-9770-FA1F9502629B}.Debug|iPhone.ActiveCfg = Debug|Any CPU
		{04EB46D7-4005-4991-9770-FA1F9502629B}.Debug|iPhone.Build.0 = Debug|Any CPU
		{04EB46D7-4005-4991-9770-FA1F9502629B}.Debug|iPhoneSimulator.ActiveCfg = Debug|Any CPU
		{04EB46D7-4005-4991-9770-FA1F9502629B}.Debug|iPhoneSimulator.Build.0 = Debug|Any CPU
		{04EB46D7-4005-4991-9770-FA1F9502629B}.Release|Any CPU.ActiveCfg = Release|Any CPU
		{04EB46D7-4005-4991-9770-FA1F9502629B}.Release|Any CPU.Build.0 = Release|Any CPU
		{04EB46D7-4005-4991-9770-FA1F9502629B}.Release|iPhone.ActiveCfg = Release|Any CPU
		{04EB46D7-4005-4991-9770-FA1F9502629B}.Release|iPhone.Build.0 = Release|Any CPU
		{04EB46D7-4005-4991-9770-FA1F9502629B}.Release|iPhoneSimulator.ActiveCfg = Release|Any CPU
		{04EB46D7-4005-4991-9770-FA1F9502629B}.Release|iPhoneSimulator.Build.0 = Release|Any CPU
	EndGlobalSection
	GlobalSection(SolutionProperties) = preSolution
		HideSolutionNode = FALSE
	EndGlobalSection
	GlobalSection(ExtensibilityGlobals) = postSolution
		SolutionGuid = {B296D5B3-B6F7-4329-A0DF-8F896595216B}
	EndGlobalSection
EndGlobal
